
Microsoft Visual Studio Solution File, Format Version 12.00
# Visual Studio Version 17
VisualStudioVersion = 17.3.32922.545
MinimumVisualStudioVersion = 10.0.40219.1
Project("{2150E333-8FDC-42A3-9474-1A3956D46DE8}") = "lib", "lib", "{ED996611-FCEC-4B5A-9C30-DF6AC5C178C1}"
EndProject
Project("{2150E333-8FDC-42A3-9474-1A3956D46DE8}") = "samples", "samples", "{407B179E-ED42-4D2F-A089-D0F3C0283079}"
EndProject
Project("{2150E333-8FDC-42A3-9474-1A3956D46DE8}") = "iTin.Registry", "iTin.Registry", "{5D01FE95-A73D-4F46-BCD6-FA67AE81C25A}"
EndProject
Project("{2150E333-8FDC-42A3-9474-1A3956D46DE8}") = "iTin.Utilities", "iTin.Utilities", "{A9E5B42A-8067-493E-ABA5-824DBA698F45}"
EndProject
Project("{2150E333-8FDC-42A3-9474-1A3956D46DE8}") = "iTin.Registry.Windows", "iTin.Registry.Windows", "{C0C454E7-3ACF-4BC3-8FE7-D7C56A8CC21E}"
EndProject
Project("{2150E333-8FDC-42A3-9474-1A3956D46DE8}") = "iTin.Logging", "iTin.Logging", "{48917FD9-3CED-486B-ADA7-17264AAC5BD3}"
EndProject
Project("{2150E333-8FDC-42A3-9474-1A3956D46DE8}") = "iTin.Logging", "iTin.Logging", "{0D4B5CD8-AB14-4AB7-89F9-94145E8B851D}"
EndProject
Project("{2150E333-8FDC-42A3-9474-1A3956D46DE8}") = "iTin.Utilities.Xlsx", "iTin.Utilities.Xlsx", "{28BF2946-CC30-4A52-A606-7547D0C3034F}"
EndProject
Project("{2150E333-8FDC-42A3-9474-1A3956D46DE8}") = "iTin.Utilities.Xlsx.Design", "iTin.Utilities.Xlsx.Design", "{BD8FE709-7D4E-4834-A4DA-723FE29C128F}"
EndProject
Project("{2150E333-8FDC-42A3-9474-1A3956D46DE8}") = "iXlsxWriter", "iXlsxWriter", "{22A034D5-D55B-4161-AECA-37F5982E2E6F}"
EndProject
Project("{2150E333-8FDC-42A3-9474-1A3956D46DE8}") = "iXlsxWriter", "iXlsxWriter", "{D3BEC9CB-810E-4044-8B16-610F29A9B943}"
EndProject
Project("{2150E333-8FDC-42A3-9474-1A3956D46DE8}") = "iTin", "iTin", "{7C32A2E0-A22C-49C0-9E72-99E78869C319}"
EndProject
Project("{9A19103F-16F7-4668-BE54-9A1E7A4F7556}") = "iXlsxWriter", "src\lib\iXlsxWriter\iXlsxWriter\iXlsxWriter.csproj", "{0F449E72-8FBF-46FD-8449-2F200D8EC084}"
EndProject
Project("{2150E333-8FDC-42A3-9474-1A3956D46DE8}") = "iTin.Charting", "iTin.Charting", "{A7469B59-824E-42C2-8D49-67FFFF621CB4}"
EndProject
Project("{2150E333-8FDC-42A3-9474-1A3956D46DE8}") = "iTin.Charting.Models", "iTin.Charting.Models", "{85474C8A-0305-46C2-B257-A4E2F7B2CF2F}"
EndProject
Project("{2150E333-8FDC-42A3-9474-1A3956D46DE8}") = "iTin.Core", "iTin.Core", "{ECA73C1C-4E25-4CFD-BB60-0FA17CE09574}"
EndProject
Project("{2150E333-8FDC-42A3-9474-1A3956D46DE8}") = "iTin.Core", "iTin.Core", "{7CB7BFA5-2C81-45EB-905A-A1F3D1B14B3D}"
EndProject
Project("{2150E333-8FDC-42A3-9474-1A3956D46DE8}") = "iTin.Core.Drawing", "iTin.Core.Drawing", "{1A7EBE74-B640-4758-97E4-FDD007C9F846}"
EndProject
Project("{2150E333-8FDC-42A3-9474-1A3956D46DE8}") = "iTin.Core.IO", "iTin.Core.IO", "{CCCF5322-B7D5-4903-9DF7-1F4C27D2E74C}"
EndProject
Project("{2150E333-8FDC-42A3-9474-1A3956D46DE8}") = "iTin.Core.IO", "iTin.Core.IO", "{F1A66C26-6A28-49CB-B30C-7D88D8883B54}"
EndProject
Project("{2150E333-8FDC-42A3-9474-1A3956D46DE8}") = "iTin.Core.IO.Compression", "iTin.Core.IO.Compression", "{A599D725-F111-443D-8022-B20D5BCF1101}"
EndProject
Project("{2150E333-8FDC-42A3-9474-1A3956D46DE8}") = "iTin.Core.Models", "iTin.Core.Models", "{4065D6AF-3257-4AAF-80BD-7AC1D6AA5576}"
EndProject
Project("{2150E333-8FDC-42A3-9474-1A3956D46DE8}") = "iTin.Core.Models", "iTin.Core.Models", "{360CE09A-76E2-4797-A14B-12CAD1E82D3F}"
EndProject
Project("{2150E333-8FDC-42A3-9474-1A3956D46DE8}") = "iTin.Core.Models.Design", "iTin.Core.Models.Design", "{24806EAB-6DC6-4F41-8D5C-519C9B1630CC}"
EndProject
Project("{2150E333-8FDC-42A3-9474-1A3956D46DE8}") = "iTin.Core.Models.Design.Charting", "iTin.Core.Models.Design.Charting", "{C6187E87-1E07-404F-8EA4-928839C7C064}"
EndProject
Project("{2150E333-8FDC-42A3-9474-1A3956D46DE8}") = "iTin.Core.Models.Design.Styling", "iTin.Core.Models.Design.Styling", "{5BEB2991-6A12-4934-977E-DD7FCD918CEB}"
EndProject
Project("{9A19103F-16F7-4668-BE54-9A1E7A4F7556}") = "iTin.Logging", "src\lib\iTin\iTin.Logging\iTin.Logging\iTin.Logging.csproj", "{EF2EE65B-196F-49C1-8095-0FA06CC6E2F8}"
EndProject
Project("{9A19103F-16F7-4668-BE54-9A1E7A4F7556}") = "iTin.Registry.Windows", "src\lib\iTin\iTin.Registry\iTin.Registry.Windows\iTin.Registry.Windows.csproj", "{4C682528-9F2E-4E79-AB2B-C350A9A8E077}"
EndProject
Project("{9A19103F-16F7-4668-BE54-9A1E7A4F7556}") = "iTin.Charting.Models", "src\lib\iTin\iTin.Charting\iTin.Charting.Models\iTin.Charting.Models.csproj", "{B7559319-547D-4E85-A5CA-9C9985F84B62}"
EndProject
Project("{9A19103F-16F7-4668-BE54-9A1E7A4F7556}") = "iTin.Utilities.Xlsx.Design", "src\lib\iTin\iTin.Utilities\iTin.Utilities.Xlsx.Design\iTin.Utilities.Xlsx.Design.csproj", "{1EDB79CA-435E-4A96-8177-DC766E175976}"
EndProject
Project("{9A19103F-16F7-4668-BE54-9A1E7A4F7556}") = "iTin.Core", "src\lib\iTin\iTin.Core\iTin.Core\iTin.Core.csproj", "{975F4AA9-8EDB-426E-BCAF-460E374229C2}"
EndProject
Project("{9A19103F-16F7-4668-BE54-9A1E7A4F7556}") = "iTin.Core.Drawing", "src\lib\iTin\iTin.Core\iTin.Core.Drawing\iTin.Core.Drawing.csproj", "{A33B7A3D-E644-4DCA-896C-5C0F6259E738}"
EndProject
Project("{9A19103F-16F7-4668-BE54-9A1E7A4F7556}") = "iTin.Core.IO", "src\lib\iTin\iTin.Core\iTin.Core.IO\iTin.Core.IO.csproj", "{08B5C35B-80EC-4AE9-867F-63AA60FF908E}"
EndProject
Project("{9A19103F-16F7-4668-BE54-9A1E7A4F7556}") = "iTin.Core.IO.Compression", "src\lib\iTin\iTin.Core\iTin.Core.IO.Compression\iTin.Core.IO.Compression.csproj", "{611028D6-6950-4E7F-8A04-D371437145FD}"
EndProject
Project("{9A19103F-16F7-4668-BE54-9A1E7A4F7556}") = "iTin.Core.Models", "src\lib\iTin\iTin.Core\iTin.Core.Models\iTin.Core.Models.csproj", "{8AA5DF87-008B-4D80-A127-D8BCE2F1D6B8}"
EndProject
Project("{9A19103F-16F7-4668-BE54-9A1E7A4F7556}") = "iTin.Core.Models.Design.Charting", "src\lib\iTin\iTin.Core\iTin.Core.Models.Design\iTin.Core.Models.Design.Charting\iTin.Core.Models.Design.Charting.csproj", "{6D54D79B-768B-401D-AA33-48441B72DA16}"
EndProject
Project("{9A19103F-16F7-4668-BE54-9A1E7A4F7556}") = "iTin.Core.Models.Design.Styling", "src\lib\iTin\iTin.Core\iTin.Core.Models.Design\iTin.Core.Models.Design.Styling\iTin.Core.Models.Design.Styling.csproj", "{3EE2E271-B92F-492C-AE45-37818C18F6F2}"
EndProject
Project("{9A19103F-16F7-4668-BE54-9A1E7A4F7556}") = "iXlsxWriter.ConsoleAppCore", "src\samples\iXlsxWriter.ConsoleAppCore\iXlsxWriter.ConsoleAppCore.csproj", "{CDCF08D0-38A2-43B6-9132-1BBC7FEB6B8D}"
EndProject
Global
	GlobalSection(SolutionConfigurationPlatforms) = preSolution
		Debug|Any CPU = Debug|Any CPU
		Release|Any CPU = Release|Any CPU
	EndGlobalSection
	GlobalSection(ProjectConfigurationPlatforms) = postSolution
		{0F449E72-8FBF-46FD-8449-2F200D8EC084}.Debug|Any CPU.ActiveCfg = Debug|Any CPU
		{0F449E72-8FBF-46FD-8449-2F200D8EC084}.Debug|Any CPU.Build.0 = Debug|Any CPU
		{0F449E72-8FBF-46FD-8449-2F200D8EC084}.Release|Any CPU.ActiveCfg = Release|Any CPU
		{0F449E72-8FBF-46FD-8449-2F200D8EC084}.Release|Any CPU.Build.0 = Release|Any CPU
		{EF2EE65B-196F-49C1-8095-0FA06CC6E2F8}.Debug|Any CPU.ActiveCfg = Debug|Any CPU
		{EF2EE65B-196F-49C1-8095-0FA06CC6E2F8}.Debug|Any CPU.Build.0 = Debug|Any CPU
		{EF2EE65B-196F-49C1-8095-0FA06CC6E2F8}.Release|Any CPU.ActiveCfg = Release|Any CPU
		{EF2EE65B-196F-49C1-8095-0FA06CC6E2F8}.Release|Any CPU.Build.0 = Release|Any CPU
		{4C682528-9F2E-4E79-AB2B-C350A9A8E077}.Debug|Any CPU.ActiveCfg = Debug|Any CPU
		{4C682528-9F2E-4E79-AB2B-C350A9A8E077}.Debug|Any CPU.Build.0 = Debug|Any CPU
		{4C682528-9F2E-4E79-AB2B-C350A9A8E077}.Release|Any CPU.ActiveCfg = Release|Any CPU
		{4C682528-9F2E-4E79-AB2B-C350A9A8E077}.Release|Any CPU.Build.0 = Release|Any CPU
		{B7559319-547D-4E85-A5CA-9C9985F84B62}.Debug|Any CPU.ActiveCfg = Debug|Any CPU
		{B7559319-547D-4E85-A5CA-9C9985F84B62}.Debug|Any CPU.Build.0 = Debug|Any CPU
		{B7559319-547D-4E85-A5CA-9C9985F84B62}.Release|Any CPU.ActiveCfg = Release|Any CPU
		{B7559319-547D-4E85-A5CA-9C9985F84B62}.Release|Any CPU.Build.0 = Release|Any CPU
		{1EDB79CA-435E-4A96-8177-DC766E175976}.Debug|Any CPU.ActiveCfg = Debug|Any CPU
		{1EDB79CA-435E-4A96-8177-DC766E175976}.Debug|Any CPU.Build.0 = Debug|Any CPU
		{1EDB79CA-435E-4A96-8177-DC766E175976}.Release|Any CPU.ActiveCfg = Release|Any CPU
		{1EDB79CA-435E-4A96-8177-DC766E175976}.Release|Any CPU.Build.0 = Release|Any CPU
		{975F4AA9-8EDB-426E-BCAF-460E374229C2}.Debug|Any CPU.ActiveCfg = Debug|Any CPU
		{975F4AA9-8EDB-426E-BCAF-460E374229C2}.Debug|Any CPU.Build.0 = Debug|Any CPU
		{975F4AA9-8EDB-426E-BCAF-460E374229C2}.Release|Any CPU.ActiveCfg = Release|Any CPU
		{975F4AA9-8EDB-426E-BCAF-460E374229C2}.Release|Any CPU.Build.0 = Release|Any CPU
		{A33B7A3D-E644-4DCA-896C-5C0F6259E738}.Debug|Any CPU.ActiveCfg = Debug|Any CPU
		{A33B7A3D-E644-4DCA-896C-5C0F6259E738}.Debug|Any CPU.Build.0 = Debug|Any CPU
		{A33B7A3D-E644-4DCA-896C-5C0F6259E738}.Release|Any CPU.ActiveCfg = Release|Any CPU
		{A33B7A3D-E644-4DCA-896C-5C0F6259E738}.Release|Any CPU.Build.0 = Release|Any CPU
		{08B5C35B-80EC-4AE9-867F-63AA60FF908E}.Debug|Any CPU.ActiveCfg = Debug|Any CPU
		{08B5C35B-80EC-4AE9-867F-63AA60FF908E}.Debug|Any CPU.Build.0 = Debug|Any CPU
		{08B5C35B-80EC-4AE9-867F-63AA60FF908E}.Release|Any CPU.ActiveCfg = Release|Any CPU
		{08B5C35B-80EC-4AE9-867F-63AA60FF908E}.Release|Any CPU.Build.0 = Release|Any CPU
		{611028D6-6950-4E7F-8A04-D371437145FD}.Debug|Any CPU.ActiveCfg = Debug|Any CPU
		{611028D6-6950-4E7F-8A04-D371437145FD}.Debug|Any CPU.Build.0 = Debug|Any CPU
		{611028D6-6950-4E7F-8A04-D371437145FD}.Release|Any CPU.ActiveCfg = Release|Any CPU
		{611028D6-6950-4E7F-8A04-D371437145FD}.Release|Any CPU.Build.0 = Release|Any CPU
		{8AA5DF87-008B-4D80-A127-D8BCE2F1D6B8}.Debug|Any CPU.ActiveCfg = Debug|Any CPU
		{8AA5DF87-008B-4D80-A127-D8BCE2F1D6B8}.Debug|Any CPU.Build.0 = Debug|Any CPU
		{8AA5DF87-008B-4D80-A127-D8BCE2F1D6B8}.Release|Any CPU.ActiveCfg = Release|Any CPU
		{8AA5DF87-008B-4D80-A127-D8BCE2F1D6B8}.Release|Any CPU.Build.0 = Release|Any CPU
		{6D54D79B-768B-401D-AA33-48441B72DA16}.Debug|Any CPU.ActiveCfg = Debug|Any CPU
		{6D54D79B-768B-401D-AA33-48441B72DA16}.Debug|Any CPU.Build.0 = Debug|Any CPU
		{6D54D79B-768B-401D-AA33-48441B72DA16}.Release|Any CPU.ActiveCfg = Release|Any CPU
		{6D54D79B-768B-401D-AA33-48441B72DA16}.Release|Any CPU.Build.0 = Release|Any CPU
		{3EE2E271-B92F-492C-AE45-37818C18F6F2}.Debug|Any CPU.ActiveCfg = Debug|Any CPU
		{3EE2E271-B92F-492C-AE45-37818C18F6F2}.Debug|Any CPU.Build.0 = Debug|Any CPU
		{3EE2E271-B92F-492C-AE45-37818C18F6F2}.Release|Any CPU.ActiveCfg = Release|Any CPU
		{3EE2E271-B92F-492C-AE45-37818C18F6F2}.Release|Any CPU.Build.0 = Release|Any CPU
		{CDCF08D0-38A2-43B6-9132-1BBC7FEB6B8D}.Debug|Any CPU.ActiveCfg = Debug|Any CPU
		{CDCF08D0-38A2-43B6-9132-1BBC7FEB6B8D}.Debug|Any CPU.Build.0 = Debug|Any CPU
		{CDCF08D0-38A2-43B6-9132-1BBC7FEB6B8D}.Release|Any CPU.ActiveCfg = Release|Any CPU
		{CDCF08D0-38A2-43B6-9132-1BBC7FEB6B8D}.Release|Any CPU.Build.0 = Release|Any CPU
	EndGlobalSection
	GlobalSection(SolutionProperties) = preSolution
		HideSolutionNode = FALSE
	EndGlobalSection
	GlobalSection(NestedProjects) = preSolution
		{5D01FE95-A73D-4F46-BCD6-FA67AE81C25A} = {7C32A2E0-A22C-49C0-9E72-99E78869C319}
		{A9E5B42A-8067-493E-ABA5-824DBA698F45} = {7C32A2E0-A22C-49C0-9E72-99E78869C319}
		{C0C454E7-3ACF-4BC3-8FE7-D7C56A8CC21E} = {5D01FE95-A73D-4F46-BCD6-FA67AE81C25A}
		{48917FD9-3CED-486B-ADA7-17264AAC5BD3} = {7C32A2E0-A22C-49C0-9E72-99E78869C319}
		{0D4B5CD8-AB14-4AB7-89F9-94145E8B851D} = {48917FD9-3CED-486B-ADA7-17264AAC5BD3}
		{28BF2946-CC30-4A52-A606-7547D0C3034F} = {A9E5B42A-8067-493E-ABA5-824DBA698F45}
		{BD8FE709-7D4E-4834-A4DA-723FE29C128F} = {28BF2946-CC30-4A52-A606-7547D0C3034F}
		{22A034D5-D55B-4161-AECA-37F5982E2E6F} = {ED996611-FCEC-4B5A-9C30-DF6AC5C178C1}
		{D3BEC9CB-810E-4044-8B16-610F29A9B943} = {22A034D5-D55B-4161-AECA-37F5982E2E6F}
		{7C32A2E0-A22C-49C0-9E72-99E78869C319} = {ED996611-FCEC-4B5A-9C30-DF6AC5C178C1}
		{0F449E72-8FBF-46FD-8449-2F200D8EC084} = {D3BEC9CB-810E-4044-8B16-610F29A9B943}
		{A7469B59-824E-42C2-8D49-67FFFF621CB4} = {7C32A2E0-A22C-49C0-9E72-99E78869C319}
		{85474C8A-0305-46C2-B257-A4E2F7B2CF2F} = {A7469B59-824E-42C2-8D49-67FFFF621CB4}
		{ECA73C1C-4E25-4CFD-BB60-0FA17CE09574} = {7C32A2E0-A22C-49C0-9E72-99E78869C319}
		{7CB7BFA5-2C81-45EB-905A-A1F3D1B14B3D} = {ECA73C1C-4E25-4CFD-BB60-0FA17CE09574}
		{1A7EBE74-B640-4758-97E4-FDD007C9F846} = {ECA73C1C-4E25-4CFD-BB60-0FA17CE09574}
		{CCCF5322-B7D5-4903-9DF7-1F4C27D2E74C} = {ECA73C1C-4E25-4CFD-BB60-0FA17CE09574}
		{F1A66C26-6A28-49CB-B30C-7D88D8883B54} = {CCCF5322-B7D5-4903-9DF7-1F4C27D2E74C}
		{A599D725-F111-443D-8022-B20D5BCF1101} = {CCCF5322-B7D5-4903-9DF7-1F4C27D2E74C}
		{4065D6AF-3257-4AAF-80BD-7AC1D6AA5576} = {ECA73C1C-4E25-4CFD-BB60-0FA17CE09574}
		{360CE09A-76E2-4797-A14B-12CAD1E82D3F} = {4065D6AF-3257-4AAF-80BD-7AC1D6AA5576}
		{24806EAB-6DC6-4F41-8D5C-519C9B1630CC} = {4065D6AF-3257-4AAF-80BD-7AC1D6AA5576}
		{C6187E87-1E07-404F-8EA4-928839C7C064} = {24806EAB-6DC6-4F41-8D5C-519C9B1630CC}
		{5BEB2991-6A12-4934-977E-DD7FCD918CEB} = {24806EAB-6DC6-4F41-8D5C-519C9B1630CC}
		{EF2EE65B-196F-49C1-8095-0FA06CC6E2F8} = {0D4B5CD8-AB14-4AB7-89F9-94145E8B851D}
		{4C682528-9F2E-4E79-AB2B-C350A9A8E077} = {C0C454E7-3ACF-4BC3-8FE7-D7C56A8CC21E}
		{B7559319-547D-4E85-A5CA-9C9985F84B62} = {85474C8A-0305-46C2-B257-A4E2F7B2CF2F}
		{1EDB79CA-435E-4A96-8177-DC766E175976} = {BD8FE709-7D4E-4834-A4DA-723FE29C128F}
		{975F4AA9-8EDB-426E-BCAF-460E374229C2} = {7CB7BFA5-2C81-45EB-905A-A1F3D1B14B3D}
		{A33B7A3D-E644-4DCA-896C-5C0F6259E738} = {1A7EBE74-B640-4758-97E4-FDD007C9F846}
		{08B5C35B-80EC-4AE9-867F-63AA60FF908E} = {F1A66C26-6A28-49CB-B30C-7D88D8883B54}
		{611028D6-6950-4E7F-8A04-D371437145FD} = {A599D725-F111-443D-8022-B20D5BCF1101}
		{8AA5DF87-008B-4D80-A127-D8BCE2F1D6B8} = {360CE09A-76E2-4797-A14B-12CAD1E82D3F}
		{6D54D79B-768B-401D-AA33-48441B72DA16} = {C6187E87-1E07-404F-8EA4-928839C7C064}
		{3EE2E271-B92F-492C-AE45-37818C18F6F2} = {5BEB2991-6A12-4934-977E-DD7FCD918CEB}
		{CDCF08D0-38A2-43B6-9132-1BBC7FEB6B8D} = {407B179E-ED42-4D2F-A089-D0F3C0283079}
	EndGlobalSection
	GlobalSection(ExtensibilityGlobals) = postSolution
		SolutionGuid = {7E253257-825E-40F1-9BD8-3624F02E7544}
	EndGlobalSection
EndGlobal
