
Microsoft Visual Studio Solution File, Format Version 12.00
# Visual Studio Version 17
VisualStudioVersion = 17.3.32922.545
MinimumVisualStudioVersion = 10.0.40219.1
Project("{2150E333-8FDC-42A3-9474-1A3956D46DE8}") = "lib", "lib", "{ED996611-FCEC-4B5A-9C30-DF6AC5C178C1}"
EndProject
Project("{2150E333-8FDC-42A3-9474-1A3956D46DE8}") = "samples", "samples", "{407B179E-ED42-4D2F-A089-D0F3C0283079}"
EndProject
Project("{2150E333-8FDC-42A3-9474-1A3956D46DE8}") = "iTin", "iTin", "{7C32A2E0-A22C-49C0-9E72-99E78869C319}"
EndProject
Project("{2150E333-8FDC-42A3-9474-1A3956D46DE8}") = "FullFramework", "FullFramework", "{8D3BBA2C-7BEF-48F8-88E1-DD5A8C20B8CC}"
EndProject
Project("{2150E333-8FDC-42A3-9474-1A3956D46DE8}") = "NetCore", "NetCore", "{1D708A35-F9F6-4A82-9F5A-F16E7DA59414}"
EndProject
Project("{9A19103F-16F7-4668-BE54-9A1E7A4F7556}") = "iXlsxWriter.ConsoleAppCore", "src\samples\NetCore\iXlsxWriter.ConsoleAppCore\iXlsxWriter.ConsoleAppCore.csproj", "{6246A162-A3D7-421B-B8C9-460F4183E37A}"
EndProject
Project("{9A19103F-16F7-4668-BE54-9A1E7A4F7556}") = "iXlsxWriter.ConsoleAppCoreAsync", "src\samples\NetCore\iXlsxWriter.ConsoleAppCoreAsync\iXlsxWriter.ConsoleAppCoreAsync.csproj", "{D1208A72-5C66-48FE-BD53-9B495E72EED2}"
EndProject
Project("{9A19103F-16F7-4668-BE54-9A1E7A4F7556}") = "iXlsxWriter.ConsoleApp", "src\samples\FullFramework\iXlsxWriter.ConsoleApp\iXlsxWriter.ConsoleApp.csproj", "{B6B41DEE-EBA6-4662-917D-8789C56135BA}"
EndProject
Project("{9A19103F-16F7-4668-BE54-9A1E7A4F7556}") = "iXlsxWriter.ConsoleAppAsync", "src\samples\FullFramework\iXlsxWriter.ConsoleAppAsync\iXlsxWriter.ConsoleAppAsync.csproj", "{A85F1731-F44C-49BC-AA9C-0361853EA020}"
EndProject
Project("{9A19103F-16F7-4668-BE54-9A1E7A4F7556}") = "iXlsxWriter", "src\lib\iXlsxWriter\iXlsxWriter.csproj", "{925CD28B-DE5A-48D2-AB95-F6C39CBAFB11}"
EndProject
Project("{9A19103F-16F7-4668-BE54-9A1E7A4F7556}") = "iTin.Core.Drawing", "..\..\iTin\iTin.Core\iTin.Core.Drawing\src\iTin.Core.Drawing.csproj", "{9694F954-D86E-4C7B-B120-2C897AE60468}"
EndProject
Project("{9A19103F-16F7-4668-BE54-9A1E7A4F7556}") = "iTin.Core.Models.Design.Charting", "..\..\iTin\iTin.Core\iTin.Core.Models.Design.Charting\src\iTin.Core.Models.Design.Charting.csproj", "{EFA70341-5327-4CF5-9015-4E632178DE11}"
EndProject
Project("{9A19103F-16F7-4668-BE54-9A1E7A4F7556}") = "iTin.Utilities.Xlsx.Design", "src\lib\iTin\iTin.Utilities\iTin.Utilities.Xlsx.Design\iTin.Utilities.Xlsx.Design.csproj", "{8941C123-D47E-441E-9258-88874DA7D17D}"
EndProject
Project("{9A19103F-16F7-4668-BE54-9A1E7A4F7556}") = "iTin.Core.IO.Compression", "..\..\iTin\iTin.Core\iTin.Core.IO.Compression\src\iTin.Core.IO.Compression.csproj", "{05B73643-934C-4331-BC9B-26BE149C3406}"
EndProject
Project("{2150E333-8FDC-42A3-9474-1A3956D46DE8}") = "iXlsxWriter", "iXlsxWriter", "{F18A3601-FC48-40EE-9006-010E5256159B}"
EndProject
Project("{9A19103F-16F7-4668-BE54-9A1E7A4F7556}") = "iXlsxWriter.Abstractions.Writer", "..\iXlsxWriter.Abstractions\src\iXlsxWriter.Abstractions.Writer.csproj", "{EE3FFCF3-85AF-4D64-A98C-EA98266055EE}"
EndProject
Project("{2150E333-8FDC-42A3-9474-1A3956D46DE8}") = "iTin.Core", "iTin.Core", "{6D5F02AC-A3E7-49B2-99CE-BC1F60B69191}"
EndProject
Project("{2150E333-8FDC-42A3-9474-1A3956D46DE8}") = "iTin.Core.Drawing", "iTin.Core.Drawing", "{5E9C9978-4793-40FA-A404-E33CD07350F3}"
EndProject
Project("{2150E333-8FDC-42A3-9474-1A3956D46DE8}") = "iTin.Core.IO", "iTin.Core.IO", "{34931EA0-CD1B-4E41-9085-A2FD765509B2}"
EndProject
Project("{2150E333-8FDC-42A3-9474-1A3956D46DE8}") = "iTin.Core.IO.Compression", "iTin.Core.IO.Compression", "{E6CC5A4C-F99D-446A-823E-571F6FB865C3}"
EndProject
Project("{2150E333-8FDC-42A3-9474-1A3956D46DE8}") = "iTin.Core.Models", "iTin.Core.Models", "{BFE70C28-628B-4B0D-B45A-EFF03A13EC86}"
EndProject
Project("{2150E333-8FDC-42A3-9474-1A3956D46DE8}") = "iTin.Core.Models.Design", "iTin.Core.Models.Design", "{3961B2A7-D394-4690-890F-48850373A601}"
EndProject
Project("{2150E333-8FDC-42A3-9474-1A3956D46DE8}") = "iTin.Utilities", "iTin.Utilities", "{AB07F92B-6225-442A-8428-28F5676D3F90}"
EndProject
Project("{2150E333-8FDC-42A3-9474-1A3956D46DE8}") = "iTin.Utilities.Xlsx", "iTin.Utilities.Xlsx", "{B4E8E2BA-8EA4-421B-ADE4-7C90E27C835A}"
EndProject
Project("{2150E333-8FDC-42A3-9474-1A3956D46DE8}") = "iXlsxWriter.Abstractions", "iXlsxWriter.Abstractions", "{A40B1403-36C1-4240-8596-C166E3494367}"
EndProject
Project("{9A19103F-16F7-4668-BE54-9A1E7A4F7556}") = "iTin.Core.Models", "..\..\iTin\iTin.Core\iTin.Core.Models\src\iTin.Core.Models.csproj", "{490D7E4B-177D-40B4-BCFF-549565655B55}"
EndProject
Project("{2150E333-8FDC-42A3-9474-1A3956D46DE8}") = "iTin.Core.Models", "iTin.Core.Models", "{B812A378-DA91-4007-A827-B94FDAC031CE}"
EndProject
Global
	GlobalSection(SolutionConfigurationPlatforms) = preSolution
		Debug|Any CPU = Debug|Any CPU
		Release|Any CPU = Release|Any CPU
	EndGlobalSection
	GlobalSection(ProjectConfigurationPlatforms) = postSolution
		{6246A162-A3D7-421B-B8C9-460F4183E37A}.Debug|Any CPU.ActiveCfg = Debug|Any CPU
		{6246A162-A3D7-421B-B8C9-460F4183E37A}.Debug|Any CPU.Build.0 = Debug|Any CPU
		{6246A162-A3D7-421B-B8C9-460F4183E37A}.Release|Any CPU.ActiveCfg = Release|Any CPU
		{6246A162-A3D7-421B-B8C9-460F4183E37A}.Release|Any CPU.Build.0 = Release|Any CPU
		{D1208A72-5C66-48FE-BD53-9B495E72EED2}.Debug|Any CPU.ActiveCfg = Debug|Any CPU
		{D1208A72-5C66-48FE-BD53-9B495E72EED2}.Debug|Any CPU.Build.0 = Debug|Any CPU
		{D1208A72-5C66-48FE-BD53-9B495E72EED2}.Release|Any CPU.ActiveCfg = Release|Any CPU
		{D1208A72-5C66-48FE-BD53-9B495E72EED2}.Release|Any CPU.Build.0 = Release|Any CPU
		{B6B41DEE-EBA6-4662-917D-8789C56135BA}.Debug|Any CPU.ActiveCfg = Debug|Any CPU
		{B6B41DEE-EBA6-4662-917D-8789C56135BA}.Debug|Any CPU.Build.0 = Debug|Any CPU
		{B6B41DEE-EBA6-4662-917D-8789C56135BA}.Release|Any CPU.ActiveCfg = Release|Any CPU
		{B6B41DEE-EBA6-4662-917D-8789C56135BA}.Release|Any CPU.Build.0 = Release|Any CPU
		{A85F1731-F44C-49BC-AA9C-0361853EA020}.Debug|Any CPU.ActiveCfg = Debug|Any CPU
		{A85F1731-F44C-49BC-AA9C-0361853EA020}.Debug|Any CPU.Build.0 = Debug|Any CPU
		{A85F1731-F44C-49BC-AA9C-0361853EA020}.Release|Any CPU.ActiveCfg = Release|Any CPU
		{A85F1731-F44C-49BC-AA9C-0361853EA020}.Release|Any CPU.Build.0 = Release|Any CPU
		{925CD28B-DE5A-48D2-AB95-F6C39CBAFB11}.Debug|Any CPU.ActiveCfg = Debug|Any CPU
		{925CD28B-DE5A-48D2-AB95-F6C39CBAFB11}.Debug|Any CPU.Build.0 = Debug|Any CPU
		{925CD28B-DE5A-48D2-AB95-F6C39CBAFB11}.Release|Any CPU.ActiveCfg = Release|Any CPU
		{925CD28B-DE5A-48D2-AB95-F6C39CBAFB11}.Release|Any CPU.Build.0 = Release|Any CPU
		{9694F954-D86E-4C7B-B120-2C897AE60468}.Debug|Any CPU.ActiveCfg = Debug|Any CPU
		{9694F954-D86E-4C7B-B120-2C897AE60468}.Debug|Any CPU.Build.0 = Debug|Any CPU
		{9694F954-D86E-4C7B-B120-2C897AE60468}.Release|Any CPU.ActiveCfg = Release|Any CPU
		{9694F954-D86E-4C7B-B120-2C897AE60468}.Release|Any CPU.Build.0 = Release|Any CPU
		{EFA70341-5327-4CF5-9015-4E632178DE11}.Debug|Any CPU.ActiveCfg = Debug|Any CPU
		{EFA70341-5327-4CF5-9015-4E632178DE11}.Debug|Any CPU.Build.0 = Debug|Any CPU
		{EFA70341-5327-4CF5-9015-4E632178DE11}.Release|Any CPU.ActiveCfg = Release|Any CPU
		{EFA70341-5327-4CF5-9015-4E632178DE11}.Release|Any CPU.Build.0 = Release|Any CPU
		{8941C123-D47E-441E-9258-88874DA7D17D}.Debug|Any CPU.ActiveCfg = Debug|Any CPU
		{8941C123-D47E-441E-9258-88874DA7D17D}.Debug|Any CPU.Build.0 = Debug|Any CPU
		{8941C123-D47E-441E-9258-88874DA7D17D}.Release|Any CPU.ActiveCfg = Release|Any CPU
		{8941C123-D47E-441E-9258-88874DA7D17D}.Release|Any CPU.Build.0 = Release|Any CPU
		{05B73643-934C-4331-BC9B-26BE149C3406}.Debug|Any CPU.ActiveCfg = Debug|Any CPU
		{05B73643-934C-4331-BC9B-26BE149C3406}.Debug|Any CPU.Build.0 = Debug|Any CPU
		{05B73643-934C-4331-BC9B-26BE149C3406}.Release|Any CPU.ActiveCfg = Release|Any CPU
		{05B73643-934C-4331-BC9B-26BE149C3406}.Release|Any CPU.Build.0 = Release|Any CPU
		{EE3FFCF3-85AF-4D64-A98C-EA98266055EE}.Debug|Any CPU.ActiveCfg = Debug|Any CPU
		{EE3FFCF3-85AF-4D64-A98C-EA98266055EE}.Debug|Any CPU.Build.0 = Debug|Any CPU
		{EE3FFCF3-85AF-4D64-A98C-EA98266055EE}.Release|Any CPU.ActiveCfg = Release|Any CPU
		{EE3FFCF3-85AF-4D64-A98C-EA98266055EE}.Release|Any CPU.Build.0 = Release|Any CPU
		{490D7E4B-177D-40B4-BCFF-549565655B55}.Debug|Any CPU.ActiveCfg = Debug|Any CPU
		{490D7E4B-177D-40B4-BCFF-549565655B55}.Debug|Any CPU.Build.0 = Debug|Any CPU
		{490D7E4B-177D-40B4-BCFF-549565655B55}.Release|Any CPU.ActiveCfg = Release|Any CPU
		{490D7E4B-177D-40B4-BCFF-549565655B55}.Release|Any CPU.Build.0 = Release|Any CPU
	EndGlobalSection
	GlobalSection(SolutionProperties) = preSolution
		HideSolutionNode = FALSE
	EndGlobalSection
	GlobalSection(NestedProjects) = preSolution
		{7C32A2E0-A22C-49C0-9E72-99E78869C319} = {ED996611-FCEC-4B5A-9C30-DF6AC5C178C1}
		{8D3BBA2C-7BEF-48F8-88E1-DD5A8C20B8CC} = {407B179E-ED42-4D2F-A089-D0F3C0283079}
		{1D708A35-F9F6-4A82-9F5A-F16E7DA59414} = {407B179E-ED42-4D2F-A089-D0F3C0283079}
		{6246A162-A3D7-421B-B8C9-460F4183E37A} = {1D708A35-F9F6-4A82-9F5A-F16E7DA59414}
		{D1208A72-5C66-48FE-BD53-9B495E72EED2} = {1D708A35-F9F6-4A82-9F5A-F16E7DA59414}
		{B6B41DEE-EBA6-4662-917D-8789C56135BA} = {8D3BBA2C-7BEF-48F8-88E1-DD5A8C20B8CC}
		{A85F1731-F44C-49BC-AA9C-0361853EA020} = {8D3BBA2C-7BEF-48F8-88E1-DD5A8C20B8CC}
		{9694F954-D86E-4C7B-B120-2C897AE60468} = {5E9C9978-4793-40FA-A404-E33CD07350F3}
		{EFA70341-5327-4CF5-9015-4E632178DE11} = {3961B2A7-D394-4690-890F-48850373A601}
		{8941C123-D47E-441E-9258-88874DA7D17D} = {B4E8E2BA-8EA4-421B-ADE4-7C90E27C835A}
		{05B73643-934C-4331-BC9B-26BE149C3406} = {E6CC5A4C-F99D-446A-823E-571F6FB865C3}
		{F18A3601-FC48-40EE-9006-010E5256159B} = {ED996611-FCEC-4B5A-9C30-DF6AC5C178C1}
		{EE3FFCF3-85AF-4D64-A98C-EA98266055EE} = {A40B1403-36C1-4240-8596-C166E3494367}
		{6D5F02AC-A3E7-49B2-99CE-BC1F60B69191} = {7C32A2E0-A22C-49C0-9E72-99E78869C319}
		{5E9C9978-4793-40FA-A404-E33CD07350F3} = {6D5F02AC-A3E7-49B2-99CE-BC1F60B69191}
		{34931EA0-CD1B-4E41-9085-A2FD765509B2} = {6D5F02AC-A3E7-49B2-99CE-BC1F60B69191}
		{E6CC5A4C-F99D-446A-823E-571F6FB865C3} = {34931EA0-CD1B-4E41-9085-A2FD765509B2}
		{BFE70C28-628B-4B0D-B45A-EFF03A13EC86} = {6D5F02AC-A3E7-49B2-99CE-BC1F60B69191}
		{3961B2A7-D394-4690-890F-48850373A601} = {BFE70C28-628B-4B0D-B45A-EFF03A13EC86}
		{AB07F92B-6225-442A-8428-28F5676D3F90} = {7C32A2E0-A22C-49C0-9E72-99E78869C319}
		{B4E8E2BA-8EA4-421B-ADE4-7C90E27C835A} = {AB07F92B-6225-442A-8428-28F5676D3F90}
		{A40B1403-36C1-4240-8596-C166E3494367} = {F18A3601-FC48-40EE-9006-010E5256159B}
		{490D7E4B-177D-40B4-BCFF-549565655B55} = {B812A378-DA91-4007-A827-B94FDAC031CE}
		{B812A378-DA91-4007-A827-B94FDAC031CE} = {BFE70C28-628B-4B0D-B45A-EFF03A13EC86}
	EndGlobalSection
	GlobalSection(ExtensibilityGlobals) = postSolution
		SolutionGuid = {7E253257-825E-40F1-9BD8-3624F02E7544}
	EndGlobalSection
EndGlobal
